
Microsoft Visual Studio Solution File, Format Version 12.00
# Visual Studio 15
VisualStudioVersion = 15.0.26430.6
MinimumVisualStudioVersion = 10.0.40219.1
Project("{FAE04EC0-301F-11D3-BF4B-00C04F79EFBC}") = "DockerGui", "DockerGui\DockerGui.csproj", "{0F357DCE-AAC8-4FD8-AA59-3855E1801DEC}"
EndProject
Project("{2150E333-8FDC-42A3-9474-1A3956D46DE8}") = "Solution Items", "Solution Items", "{11213A8F-3892-4FEF-AE19-772E4A63549A}"
	ProjectSection(SolutionItems) = preProject
		.gitignore = .gitignore
	EndProjectSection
EndProject
Global
	GlobalSection(SolutionConfigurationPlatforms) = preSolution
		Debug|Any CPU = Debug|Any CPU
		Release|Any CPU = Release|Any CPU
	EndGlobalSection
	GlobalSection(ProjectConfigurationPlatforms) = postSolution
		{0F357DCE-AAC8-4FD8-AA59-3855E1801DEC}.Debug|Any CPU.ActiveCfg = Debug|Any CPU
		{0F357DCE-AAC8-4FD8-AA59-3855E1801DEC}.Debug|Any CPU.Build.0 = Debug|Any CPU
		{0F357DCE-AAC8-4FD8-AA59-3855E1801DEC}.Release|Any CPU.ActiveCfg = Release|Any CPU
		{0F357DCE-AAC8-4FD8-AA59-3855E1801DEC}.Release|Any CPU.Build.0 = Release|Any CPU
	EndGlobalSection
	GlobalSection(SolutionProperties) = preSolution
		HideSolutionNode = FALSE
	EndGlobalSection
EndGlobal
